{
    "name": "generator-utilities",
    "version": "0.1.0",
    "lockfileVersion": 1,
    "requires": true,
    "dependencies": {
        "@std/esm": {
            "version": "0.5.1",
            "resolved": "https://registry.npmjs.org/@std/esm/-/esm-0.5.1.tgz",
            "integrity": "sha512-N8A2sbYtt/X2a/MK3fosDmFx8VBj6hS6ko51I3f58YcsQQMLyv/XCwmG+70Hxbxaaf0vX82oyYfskEdBTzUWKg=="
        },
        "arrayslice": {
            "version": "0.1.0",
            "resolved": "https://registry.npmjs.org/arrayslice/-/arrayslice-0.1.0.tgz",
            "integrity": "sha1-ToCPjRUfCNFi3cvr/GAorkjQBxA="
        },
        "babylon": {
            "version": "7.0.0-beta.19",
            "resolved": "https://registry.npmjs.org/babylon/-/babylon-7.0.0-beta.19.tgz",
            "integrity": "sha512-Vg0C9s/REX6/WIXN37UKpv5ZhRi6A4pjHlpkE34+8/a6c2W1Q692n3hmc+SZG5lKRnaExLUbxtJ1SVT+KaCQ/A==",
            "dev": true
        },
        "balanced-match": {
            "version": "1.0.0",
            "resolved": "https://registry.npmjs.org/balanced-match/-/balanced-match-1.0.0.tgz",
            "integrity": "sha1-ibTRmasr7kneFk6gK4nORi1xt2c=",
            "dev": true
        },
        "bluebird": {
            "version": "3.5.0",
            "resolved": "https://registry.npmjs.org/bluebird/-/bluebird-3.5.0.tgz",
            "integrity": "sha1-eRQg1/VR7qKJdFOop3ZT+WYG1nw=",
            "dev": true
        },
        "brace-expansion": {
            "version": "1.1.8",
            "resolved": "https://registry.npmjs.org/brace-expansion/-/brace-expansion-1.1.8.tgz",
            "integrity": "sha1-wHshHHyVLsH479Uad+8NHTmQopI=",
            "dev": true,
            "requires": {
                "balanced-match": "1.0.0",
                "concat-map": "0.0.1"
            }
        },
        "catharsis": {
            "version": "0.8.9",
            "resolved": "https://registry.npmjs.org/catharsis/-/catharsis-0.8.9.tgz",
            "integrity": "sha1-mMyJDKZS3S7w5ws3klMQ/56Q/Is=",
            "dev": true,
            "requires": {
                "underscore-contrib": "0.3.0"
            }
        },
        "concat-map": {
            "version": "0.0.1",
            "resolved": "https://registry.npmjs.org/concat-map/-/concat-map-0.0.1.tgz",
            "integrity": "sha1-2Klr13/Wjfd5OnMDajug1UBdR3s=",
            "dev": true
        },
        "diff": {
            "version": "3.3.0",
            "resolved": "https://registry.npmjs.org/diff/-/diff-3.3.0.tgz",
            "integrity": "sha512-w0XZubFWn0Adlsapj9EAWX0FqWdO4tz8kc3RiYdWLh4k/V8PTb6i0SMgXt0vRM3zyKnT8tKO7mUlieRQHIjMNg==",
            "dev": true
        },
        "escape-string-regexp": {
            "version": "1.0.5",
            "resolved": "https://registry.npmjs.org/escape-string-regexp/-/escape-string-regexp-1.0.5.tgz",
            "integrity": "sha1-G2HAViGQqN/2rjuyzwIAyhMLhtQ=",
            "dev": true
        },
        "exit": {
            "version": "0.1.2",
            "resolved": "https://registry.npmjs.org/exit/-/exit-0.1.2.tgz",
            "integrity": "sha1-BjJjj42HfMghB9MKD/8aF8uhzQw=",
            "dev": true
        },
        "formatio": {
            "version": "1.2.0",
            "resolved": "https://registry.npmjs.org/formatio/-/formatio-1.2.0.tgz",
            "integrity": "sha1-87IWfZBoxGmKjVH092CjmlTYGOs=",
            "dev": true,
            "requires": {
                "samsam": "1.2.1"
            }
        },
        "fs.realpath": {
            "version": "1.0.0",
            "resolved": "https://registry.npmjs.org/fs.realpath/-/fs.realpath-1.0.0.tgz",
            "integrity": "sha1-FQStJSMVjKpA20onh8sBQRmU6k8=",
            "dev": true
        },
        "glob": {
            "version": "7.1.2",
            "resolved": "https://registry.npmjs.org/glob/-/glob-7.1.2.tgz",
            "integrity": "sha512-MJTUg1kjuLeQCJ+ccE4Vpa6kKVXkPYJ2mOCQyUuKLcLQsdrMCpBPUi8qVE6+YuaJkozeA9NusTAw3hLr8Xe5EQ==",
            "dev": true,
            "requires": {
                "fs.realpath": "1.0.0",
                "inflight": "1.0.6",
                "inherits": "2.0.3",
                "minimatch": "3.0.4",
                "once": "1.4.0",
                "path-is-absolute": "1.0.1"
            }
        },
        "graceful-fs": {
            "version": "4.1.11",
            "resolved": "https://registry.npmjs.org/graceful-fs/-/graceful-fs-4.1.11.tgz",
            "integrity": "sha1-Dovf5NHduIVNZOBOp8AOKgJuVlg=",
            "dev": true
        },
        "inflight": {
            "version": "1.0.6",
            "resolved": "https://registry.npmjs.org/inflight/-/inflight-1.0.6.tgz",
            "integrity": "sha1-Sb1jMdfQLQwJvJEKEHW6gWW1bfk=",
            "dev": true,
            "requires": {
                "once": "1.4.0",
                "wrappy": "1.0.2"
            }
        },
        "inherits": {
            "version": "2.0.3",
            "resolved": "https://registry.npmjs.org/inherits/-/inherits-2.0.3.tgz",
            "integrity": "sha1-Yzwsg+PaQqUC9SRmAiSA9CCCYd4=",
            "dev": true
        },
        "isarray": {
            "version": "0.0.1",
            "resolved": "https://registry.npmjs.org/isarray/-/isarray-0.0.1.tgz",
            "integrity": "sha1-ihis/Kmo9Bd+Cav8YDiTmwXR7t8=",
            "dev": true
        },
        "jasmine": {
            "version": "2.7.0",
            "resolved": "https://registry.npmjs.org/jasmine/-/jasmine-2.7.0.tgz",
            "integrity": "sha1-XPC7TllLRgC7QjVWA2YhKsWuobI=",
            "dev": true,
            "requires": {
                "exit": "0.1.2",
                "glob": "7.1.2",
                "jasmine-core": "2.7.0"
            }
        },
        "jasmine-core": {
            "version": "2.7.0",
            "resolved": "https://registry.npmjs.org/jasmine-core/-/jasmine-core-2.7.0.tgz",
            "integrity": "sha1-UP+MT5LY71wLLBuEbdJj7YUVIJE=",
            "dev": true
        },
        "jasmine-sinon": {
            "version": "0.4.0",
            "resolved": "https://registry.npmjs.org/jasmine-sinon/-/jasmine-sinon-0.4.0.tgz",
            "integrity": "sha1-gECheaAa4DSbI0ruQ4wkGRI5rpg=",
            "dev": true,
            "requires": {
                "sinon": "2.4.1"
            }
        },
        "js2xmlparser": {
            "version": "3.0.0",
            "resolved": "https://registry.npmjs.org/js2xmlparser/-/js2xmlparser-3.0.0.tgz",
            "integrity": "sha1-P7YOqgicVED5MZ9RdgzNB+JJlzM=",
            "dev": true,
            "requires": {
                "xmlcreate": "1.0.2"
            }
        },
        "jsdoc": {
            "version": "3.5.4",
            "resolved": "https://registry.npmjs.org/jsdoc/-/jsdoc-3.5.4.tgz",
            "integrity": "sha512-VmTw0J+2L16IxAe0JSDSAcH0F+DbZxaj8wN1AjHtKMQU/hO0ciIl5ZE93XqrrFIbknobuqHKJCXZj6+Hk57MjA==",
            "dev": true,
            "requires": {
                "babylon": "7.0.0-beta.19",
                "bluebird": "3.5.0",
                "catharsis": "0.8.9",
                "escape-string-regexp": "1.0.5",
                "js2xmlparser": "3.0.0",
                "klaw": "2.0.0",
                "marked": "0.3.6",
                "mkdirp": "0.5.1",
                "requizzle": "0.2.1",
                "strip-json-comments": "2.0.1",
                "taffydb": "2.6.2",
                "underscore": "1.8.3"
            }
        },
        "klaw": {
            "version": "2.0.0",
            "resolved": "https://registry.npmjs.org/klaw/-/klaw-2.0.0.tgz",
            "integrity": "sha1-WcEo4Nxc5BAgEVEZTuucv4WGUPY=",
            "dev": true,
            "requires": {
                "graceful-fs": "4.1.11"
            }
        },
        "lolex": {
            "version": "1.6.0",
            "resolved": "https://registry.npmjs.org/lolex/-/lolex-1.6.0.tgz",
            "integrity": "sha1-OpoCg0UqR9dDnnJzG54H1zhuSfY=",
            "dev": true
        },
        "marked": {
            "version": "0.3.6",
            "resolved": "https://registry.npmjs.org/marked/-/marked-0.3.6.tgz",
            "integrity": "sha1-ssbGGPzOzk74bE/Gy4p8v1rtqNc=",
            "dev": true
        },
        "minimatch": {
            "version": "3.0.4",
            "resolved": "https://registry.npmjs.org/minimatch/-/minimatch-3.0.4.tgz",
            "integrity": "sha512-yJHVQEhyqPLUTgt9B83PXu6W3rx4MvvHvSUvToogpwoGDOUQ+yDrR0HRot+yOCdCO7u4hX3pWft6kWBBcqh0UA==",
            "dev": true,
            "requires": {
                "brace-expansion": "1.1.8"
            }
        },
        "minimist": {
            "version": "0.0.8",
            "resolved": "https://registry.npmjs.org/minimist/-/minimist-0.0.8.tgz",
            "integrity": "sha1-hX/Kv8M5fSYluCKCYuhqp6ARsF0=",
            "dev": true
        },
        "mkdirp": {
            "version": "0.5.1",
            "resolved": "https://registry.npmjs.org/mkdirp/-/mkdirp-0.5.1.tgz",
            "integrity": "sha1-MAV0OOrGz3+MR2fzhkjWaX11yQM=",
            "dev": true,
            "requires": {
                "minimist": "0.0.8"
            }
        },
        "native-promise-only": {
            "version": "0.8.1",
            "resolved": "https://registry.npmjs.org/native-promise-only/-/native-promise-only-0.8.1.tgz",
            "integrity": "sha1-IKMYwwy0X3H+et+/eyHJnBRy7xE=",
            "dev": true
        },
        "once": {
            "version": "1.4.0",
            "resolved": "https://registry.npmjs.org/once/-/once-1.4.0.tgz",
            "integrity": "sha1-WDsap3WWHUsROsF9nFC6753Xa9E=",
            "dev": true,
            "requires": {
                "wrappy": "1.0.2"
            }
        },
        "path-is-absolute": {
            "version": "1.0.1",
            "resolved": "https://registry.npmjs.org/path-is-absolute/-/path-is-absolute-1.0.1.tgz",
            "integrity": "sha1-F0uSaHNVNP+8es5r9TpanhtcX18=",
            "dev": true
        },
        "path-to-regexp": {
            "version": "1.7.0",
            "resolved": "https://registry.npmjs.org/path-to-regexp/-/path-to-regexp-1.7.0.tgz",
            "integrity": "sha1-Wf3g9DW62suhA6hOnTvGTpa5k30=",
            "dev": true,
            "requires": {
                "isarray": "0.0.1"
            }
        },
        "requizzle": {
            "version": "0.2.1",
            "resolved": "https://registry.npmjs.org/requizzle/-/requizzle-0.2.1.tgz",
            "integrity": "sha1-aUPDUwxNmn5G8c3dUcFY/GcM294=",
            "dev": true,
            "requires": {
                "underscore": "1.6.0"
            },
            "dependencies": {
                "underscore": {
                    "version": "1.6.0",
                    "resolved": "https://registry.npmjs.org/underscore/-/underscore-1.6.0.tgz",
                    "integrity": "sha1-izixDKze9jM3uLJOT/htRa6lKag=",
                    "dev": true
                }
            }
        },
        "samsam": {
            "version": "1.2.1",
            "resolved": "https://registry.npmjs.org/samsam/-/samsam-1.2.1.tgz",
            "integrity": "sha1-7dOQk6MYQ3DLhZJDsr3yVefY6mc=",
            "dev": true
        },
        "sinon": {
            "version": "2.4.1",
            "resolved": "https://registry.npmjs.org/sinon/-/sinon-2.4.1.tgz",
            "integrity": "sha512-vFTrO9Wt0ECffDYIPSP/E5bBugt0UjcBQOfQUMh66xzkyPEnhl/vM2LRZi2ajuTdkH07sA6DzrM6KvdvGIH8xw==",
            "dev": true,
            "requires": {
                "diff": "3.3.0",
                "formatio": "1.2.0",
                "lolex": "1.6.0",
                "native-promise-only": "0.8.1",
                "path-to-regexp": "1.7.0",
                "samsam": "1.2.1",
                "text-encoding": "0.6.4",
                "type-detect": "4.0.3"
            }
        },
        "strip-json-comments": {
            "version": "2.0.1",
            "resolved": "https://registry.npmjs.org/strip-json-comments/-/strip-json-comments-2.0.1.tgz",
            "integrity": "sha1-PFMZQukIwml8DsNEhYwobHygpgo=",
            "dev": true
        },
        "taffydb": {
            "version": "2.6.2",
            "resolved": "https://registry.npmjs.org/taffydb/-/taffydb-2.6.2.tgz",
            "integrity": "sha1-fLy2S1oUG2ou/CxdLGe04VCyomg=",
            "dev": true
        },
        "text-encoding": {
            "version": "0.6.4",
            "resolved": "https://registry.npmjs.org/text-encoding/-/text-encoding-0.6.4.tgz",
            "integrity": "sha1-45mpgiV6J22uQou5KEXLcb3CbRk=",
            "dev": true
        },
        "type-detect": {
            "version": "4.0.3",
            "resolved": "https://registry.npmjs.org/type-detect/-/type-detect-4.0.3.tgz",
            "integrity": "sha1-Dj8mcLRAmbC0bChNE2p+9Jx0wuo=",
            "dev": true
        },
        "underscore": {
            "version": "1.8.3",
            "resolved": "https://registry.npmjs.org/underscore/-/underscore-1.8.3.tgz",
            "integrity": "sha1-Tz+1OxBuYJf8+ctBCfKl6b36UCI=",
            "dev": true
        },
        "underscore-contrib": {
            "version": "0.3.0",
            "resolved": "https://registry.npmjs.org/underscore-contrib/-/underscore-contrib-0.3.0.tgz",
            "integrity": "sha1-ZltmwkeD+PorGMn4y7Dix9SMJsc=",
            "dev": true,
            "requires": {
                "underscore": "1.6.0"
            },
            "dependencies": {
                "underscore": {
                    "version": "1.6.0",
                    "resolved": "https://registry.npmjs.org/underscore/-/underscore-1.6.0.tgz",
                    "integrity": "sha1-izixDKze9jM3uLJOT/htRa6lKag=",
                    "dev": true
                }
            }
        },
        "wrappy": {
            "version": "1.0.2",
            "resolved": "https://registry.npmjs.org/wrappy/-/wrappy-1.0.2.tgz",
            "integrity": "sha1-tSQ9jz7BqjXxNkYFvA0QNuMKtp8=",
            "dev": true
        },
        "xmlcreate": {
            "version": "1.0.2",
            "resolved": "https://registry.npmjs.org/xmlcreate/-/xmlcreate-1.0.2.tgz",
            "integrity": "sha1-+mv3YqYKQT+z3Y9LA8WyaSONMI8=",
            "dev": true
        }
    }
}
